
Microsoft Visual Studio Solution File, Format Version 12.00
# Visual Studio Version 16
VisualStudioVersion = 16.0.33328.57
MinimumVisualStudioVersion = 10.0.40219.1
Project("{8BC9CEB8-8B4A-11D0-8D11-00A0C91BC942}") = "FfmpegTest", "FfmpegTest\FfmpegTest.vcxproj", "{4081144F-BC05-4735-BF98-FB74283FD00E}"
EndProject
Global
	GlobalSection(SolutionConfigurationPlatforms) = preSolution
		Debug|x64 = Debug|x64
		Debug|x86 = Debug|x86
		Release|x64 = Release|x64
		Release|x86 = Release|x86
	EndGlobalSection
	GlobalSection(ProjectConfigurationPlatforms) = postSolution
		{4081144F-BC05-4735-BF98-FB74283FD00E}.Debug|x64.ActiveCfg = Debug|x64
		{4081144F-BC05-4735-BF98-FB74283FD00E}.Debug|x64.Build.0 = Debug|x64
		{4081144F-BC05-4735-BF98-FB74283FD00E}.Debug|x86.ActiveCfg = Debug|Win32
		{4081144F-BC05-4735-BF98-FB74283FD00E}.Debug|x86.Build.0 = Debug|Win32
		{4081144F-BC05-4735-BF98-FB74283FD00E}.Release|x64.ActiveCfg = Release|x64
		{4081144F-BC05-4735-BF98-FB74283FD00E}.Release|x64.Build.0 = Release|x64
		{4081144F-BC05-4735-BF98-FB74283FD00E}.Release|x86.ActiveCfg = Release|Win32
		{4081144F-BC05-4735-BF98-FB74283FD00E}.Release|x86.Build.0 = Release|Win32
	EndGlobalSection
	GlobalSection(SolutionProperties) = preSolution
		HideSolutionNode = FALSE
	EndGlobalSection
	GlobalSection(ExtensibilityGlobals) = postSolution
		SolutionGuid = {C8CFC81B-2BF1-4A43-BAC2-3A329A9A6A2F}
	EndGlobalSection
EndGlobal
